
Microsoft Visual Studio Solution File, Format Version 12.00
# Visual Studio Version 17
VisualStudioVersion = 17.4.33205.214
MinimumVisualStudioVersion = 10.0.40219.1
Project("{FAE04EC0-301F-11D3-BF4B-00C04F79EFBC}") = "mcamaps", "mcamaps\mcamaps.csproj", "{8F6D8EBB-F558-42BD-9DED-75B722B06EEC}"
EndProject
Project("{2150E333-8FDC-42A3-9474-1A3956D46DE8}") = "Solution Items", "Solution Items", "{90EC3167-4CFE-45C8-B954-C5D18DFD5C43}"
	ProjectSection(SolutionItems) = preProject
		.gitignore = .gitignore
	EndProjectSection
EndProject
Global
	GlobalSection(SolutionConfigurationPlatforms) = preSolution
		Debug|Any CPU = Debug|Any CPU
		Release|Any CPU = Release|Any CPU
	EndGlobalSection
	GlobalSection(ProjectConfigurationPlatforms) = postSolution
		{8F6D8EBB-F558-42BD-9DED-75B722B06EEC}.Debug|Any CPU.ActiveCfg = Debug|Any CPU
		{8F6D8EBB-F558-42BD-9DED-75B722B06EEC}.Debug|Any CPU.Build.0 = Debug|Any CPU
		{8F6D8EBB-F558-42BD-9DED-75B722B06EEC}.Release|Any CPU.ActiveCfg = Release|Any CPU
		{8F6D8EBB-F558-42BD-9DED-75B722B06EEC}.Release|Any CPU.Build.0 = Release|Any CPU
	EndGlobalSection
	GlobalSection(SolutionProperties) = preSolution
		HideSolutionNode = FALSE
	EndGlobalSection
	GlobalSection(ExtensibilityGlobals) = postSolution
		SolutionGuid = {A1BA30AC-6088-430D-B225-1CD8BDED23C1}
	EndGlobalSection
EndGlobal
